// !$*UTF8*$!
{
	archiveVersion = 1;
	classes = {
	};
	objectVersion = 55;
	objects = {

/* Begin PBXBuildFile section */
		3C1217480EF74C5365F22742 /* Pods_CurrencyAppTests.framework in Frameworks */ = {isa = PBXBuildFile; fileRef = 57761B34B0616BCACF06B564 /* Pods_CurrencyAppTests.framework */; };
		901F8F697B208C6C9120B21D /* Pods_CurrencyApp_CurrencyAppUITests.framework in Frameworks */ = {isa = PBXBuildFile; fileRef = 942BF59BC7E2DAC39FAAF286 /* Pods_CurrencyApp_CurrencyAppUITests.framework */; };
		9183DA2928FD2BE500E205C3 /* AppDelegate.swift in Sources */ = {isa = PBXBuildFile; fileRef = 9183DA2828FD2BE500E205C3 /* AppDelegate.swift */; };
		9183DA2B28FD2BE500E205C3 /* SceneDelegate.swift in Sources */ = {isa = PBXBuildFile; fileRef = 9183DA2A28FD2BE500E205C3 /* SceneDelegate.swift */; };
		9183DA2D28FD2BE500E205C3 /* ViewController.swift in Sources */ = {isa = PBXBuildFile; fileRef = 9183DA2C28FD2BE500E205C3 /* ViewController.swift */; };
		9183DA3028FD2BE500E205C3 /* Main.storyboard in Resources */ = {isa = PBXBuildFile; fileRef = 9183DA2E28FD2BE500E205C3 /* Main.storyboard */; };
		9183DA3228FD2BE700E205C3 /* Assets.xcassets in Resources */ = {isa = PBXBuildFile; fileRef = 9183DA3128FD2BE700E205C3 /* Assets.xcassets */; };
		9183DA3528FD2BE700E205C3 /* LaunchScreen.storyboard in Resources */ = {isa = PBXBuildFile; fileRef = 9183DA3328FD2BE700E205C3 /* LaunchScreen.storyboard */; };
		9183DA4028FD2BE700E205C3 /* CurrencyAppTests.swift in Sources */ = {isa = PBXBuildFile; fileRef = 9183DA3F28FD2BE700E205C3 /* CurrencyAppTests.swift */; };
		9183DA4A28FD2BE700E205C3 /* CurrencyAppUITests.swift in Sources */ = {isa = PBXBuildFile; fileRef = 9183DA4928FD2BE700E205C3 /* CurrencyAppUITests.swift */; };
		9183DA4C28FD2BE700E205C3 /* CurrencyAppUITestsLaunchTests.swift in Sources */ = {isa = PBXBuildFile; fileRef = 9183DA4B28FD2BE700E205C3 /* CurrencyAppUITestsLaunchTests.swift */; };
		9183DA6428FD3F5200E205C3 /* NetworkAdaptor.swift in Sources */ = {isa = PBXBuildFile; fileRef = 9183DA6328FD3F5200E205C3 /* NetworkAdaptor.swift */; };
		9183DA6628FD3FC900E205C3 /* CurrencyNetworkURL.plist in Resources */ = {isa = PBXBuildFile; fileRef = 9183DA6528FD3FC900E205C3 /* CurrencyNetworkURL.plist */; };
		9183DA6828FD431100E205C3 /* AppConstants.swift in Sources */ = {isa = PBXBuildFile; fileRef = 9183DA6728FD431100E205C3 /* AppConstants.swift */; };
		9183DA6A28FD437700E205C3 /* NetworkConstants.swift in Sources */ = {isa = PBXBuildFile; fileRef = 9183DA6928FD437700E205C3 /* NetworkConstants.swift */; };
		9183DA6C28FD472F00E205C3 /* Localizable.strings in Resources */ = {isa = PBXBuildFile; fileRef = 9183DA6B28FD472F00E205C3 /* Localizable.strings */; };
		9183DA6E28FD4BE100E205C3 /* BaseViewController.swift in Sources */ = {isa = PBXBuildFile; fileRef = 9183DA6D28FD4BE100E205C3 /* BaseViewController.swift */; };
		9183DA7128FD57A200E205C3 /* ProgressBar.xib in Resources */ = {isa = PBXBuildFile; fileRef = 9183DA7028FD57A200E205C3 /* ProgressBar.xib */; };
		9183DA7328FD57C500E205C3 /* AnimatedProgressView.swift in Sources */ = {isa = PBXBuildFile; fileRef = 9183DA7228FD57C500E205C3 /* AnimatedProgressView.swift */; };
		9183DA7528FD57E000E205C3 /* ProgressBarView.swift in Sources */ = {isa = PBXBuildFile; fileRef = 9183DA7428FD57E000E205C3 /* ProgressBarView.swift */; };
		9183DA7728FD57F200E205C3 /* ProgressBarViewable.swift in Sources */ = {isa = PBXBuildFile; fileRef = 9183DA7628FD57F200E205C3 /* ProgressBarViewable.swift */; };
		9183DA7928FD63E100E205C3 /* CurrencyPickerTF.swift in Sources */ = {isa = PBXBuildFile; fileRef = 9183DA7828FD63E100E205C3 /* CurrencyPickerTF.swift */; };
		9183DA7B28FD666100E205C3 /* CurrencyConverterVC.swift in Sources */ = {isa = PBXBuildFile; fileRef = 9183DA7A28FD666100E205C3 /* CurrencyConverterVC.swift */; };
		9183DA7E28FD66B100E205C3 /* CurrencyConverterViewModal.swift in Sources */ = {isa = PBXBuildFile; fileRef = 9183DA7D28FD66B100E205C3 /* CurrencyConverterViewModal.swift */; };
		9183DA8028FD894D00E205C3 /* CurrencyConverterViewModalTests.swift in Sources */ = {isa = PBXBuildFile; fileRef = 9183DA7F28FD894D00E205C3 /* CurrencyConverterViewModalTests.swift */; };
		9183DA8128FD89B500E205C3 /* CurrencyConverterViewModal.swift in Sources */ = {isa = PBXBuildFile; fileRef = 9183DA7D28FD66B100E205C3 /* CurrencyConverterViewModal.swift */; };
		9183DA8228FD8A3500E205C3 /* NetworkAdaptor.swift in Sources */ = {isa = PBXBuildFile; fileRef = 9183DA6328FD3F5200E205C3 /* NetworkAdaptor.swift */; };
		9183DA8328FD8A5000E205C3 /* AppConstants.swift in Sources */ = {isa = PBXBuildFile; fileRef = 9183DA6728FD431100E205C3 /* AppConstants.swift */; };
		9183DA8628FD8DAB00E205C3 /* HistoricalDataModel.swift in Sources */ = {isa = PBXBuildFile; fileRef = 9183DA8528FD8DAB00E205C3 /* HistoricalDataModel.swift */; };
		9183DA8728FD8DAB00E205C3 /* HistoricalDataModel.swift in Sources */ = {isa = PBXBuildFile; fileRef = 9183DA8528FD8DAB00E205C3 /* HistoricalDataModel.swift */; };
		9183DA8928FD8DC700E205C3 /* CurrencyModel.swift in Sources */ = {isa = PBXBuildFile; fileRef = 9183DA8828FD8DC700E205C3 /* CurrencyModel.swift */; };
		9183DA8A28FD8DC700E205C3 /* CurrencyModel.swift in Sources */ = {isa = PBXBuildFile; fileRef = 9183DA8828FD8DC700E205C3 /* CurrencyModel.swift */; };
		9183DA8C28FD8DEF00E205C3 /* CurrencyDetailsViewModel.swift in Sources */ = {isa = PBXBuildFile; fileRef = 9183DA8B28FD8DEF00E205C3 /* CurrencyDetailsViewModel.swift */; };
		9183DA8D28FD8DEF00E205C3 /* CurrencyDetailsViewModel.swift in Sources */ = {isa = PBXBuildFile; fileRef = 9183DA8B28FD8DEF00E205C3 /* CurrencyDetailsViewModel.swift */; };
		9183DA8F28FD8E2100E205C3 /* CurrencyDataTableViewController.swift in Sources */ = {isa = PBXBuildFile; fileRef = 9183DA8E28FD8E2100E205C3 /* CurrencyDataTableViewController.swift */; };
		9183DA9028FD8E2100E205C3 /* CurrencyDataTableViewController.swift in Sources */ = {isa = PBXBuildFile; fileRef = 9183DA8E28FD8E2100E205C3 /* CurrencyDataTableViewController.swift */; };
		9183DA9228FD8E4500E205C3 /* CurrencyDetailsViewController.swift in Sources */ = {isa = PBXBuildFile; fileRef = 9183DA9128FD8E4500E205C3 /* CurrencyDetailsViewController.swift */; };
		9183DA9328FD8E4500E205C3 /* CurrencyDetailsViewController.swift in Sources */ = {isa = PBXBuildFile; fileRef = 9183DA9128FD8E4500E205C3 /* CurrencyDetailsViewController.swift */; };
		9183DA9728FD8E9400E205C3 /* UserHistoryTableViewCell.swift in Sources */ = {isa = PBXBuildFile; fileRef = 9183DA9528FD8E9400E205C3 /* UserHistoryTableViewCell.swift */; };
		9183DA9828FD8E9400E205C3 /* UserHistoryTableViewCell.swift in Sources */ = {isa = PBXBuildFile; fileRef = 9183DA9528FD8E9400E205C3 /* UserHistoryTableViewCell.swift */; };
		9183DA9928FD8E9400E205C3 /* UserHistoryTableViewCell.xib in Resources */ = {isa = PBXBuildFile; fileRef = 9183DA9628FD8E9400E205C3 /* UserHistoryTableViewCell.xib */; };
		9183DA9A28FD8E9400E205C3 /* UserHistoryTableViewCell.xib in Resources */ = {isa = PBXBuildFile; fileRef = 9183DA9628FD8E9400E205C3 /* UserHistoryTableViewCell.xib */; };
		9183DA9F28FD8ED900E205C3 /* OtherCurrencyDataTableViewCell.swift in Sources */ = {isa = PBXBuildFile; fileRef = 9183DA9D28FD8ED900E205C3 /* OtherCurrencyDataTableViewCell.swift */; };
		9183DAA028FD8ED900E205C3 /* OtherCurrencyDataTableViewCell.swift in Sources */ = {isa = PBXBuildFile; fileRef = 9183DA9D28FD8ED900E205C3 /* OtherCurrencyDataTableViewCell.swift */; };
		9183DAA128FD8ED900E205C3 /* OtherCurrencyDataTableViewCell.xib in Resources */ = {isa = PBXBuildFile; fileRef = 9183DA9E28FD8ED900E205C3 /* OtherCurrencyDataTableViewCell.xib */; };
		9183DAA228FD8ED900E205C3 /* OtherCurrencyDataTableViewCell.xib in Resources */ = {isa = PBXBuildFile; fileRef = 9183DA9E28FD8ED900E205C3 /* OtherCurrencyDataTableViewCell.xib */; };
		9183DAA428FD963200E205C3 /* CurrencyDetailsViewModelTests.swift in Sources */ = {isa = PBXBuildFile; fileRef = 9183DAA328FD963200E205C3 /* CurrencyDetailsViewModelTests.swift */; };
		9183DAA528FD96A400E205C3 /* BaseViewController.swift in Sources */ = {isa = PBXBuildFile; fileRef = 9183DA6D28FD4BE100E205C3 /* BaseViewController.swift */; };
		9183DAA628FD96E300E205C3 /* ProgressBarViewable.swift in Sources */ = {isa = PBXBuildFile; fileRef = 9183DA7628FD57F200E205C3 /* ProgressBarViewable.swift */; };
		9183DAA728FD96E500E205C3 /* AnimatedProgressView.swift in Sources */ = {isa = PBXBuildFile; fileRef = 9183DA7228FD57C500E205C3 /* AnimatedProgressView.swift */; };
		9183DAA828FD96E800E205C3 /* ProgressBarView.swift in Sources */ = {isa = PBXBuildFile; fileRef = 9183DA7428FD57E000E205C3 /* ProgressBarView.swift */; };
		95B77CC97D43F9A2D057B194 /* Pods_CurrencyApp.framework in Frameworks */ = {isa = PBXBuildFile; fileRef = BE0F14CF753E74E05C97B217 /* Pods_CurrencyApp.framework */; };
/* End PBXBuildFile section */

/* Begin PBXContainerItemProxy section */
		9183DA3C28FD2BE700E205C3 /* PBXContainerItemProxy */ = {
			isa = PBXContainerItemProxy;
			containerPortal = 9183DA1D28FD2BE500E205C3 /* Project object */;
			proxyType = 1;
			remoteGlobalIDString = 9183DA2428FD2BE500E205C3;
			remoteInfo = CurrencyApp;
		};
		9183DA4628FD2BE700E205C3 /* PBXContainerItemProxy */ = {
			isa = PBXContainerItemProxy;
			containerPortal = 9183DA1D28FD2BE500E205C3 /* Project object */;
			proxyType = 1;
			remoteGlobalIDString = 9183DA2428FD2BE500E205C3;
			remoteInfo = CurrencyApp;
		};
/* End PBXContainerItemProxy section */

/* Begin PBXFileReference section */
		57761B34B0616BCACF06B564 /* Pods_CurrencyAppTests.framework */ = {isa = PBXFileReference; explicitFileType = wrapper.framework; includeInIndex = 0; path = Pods_CurrencyAppTests.framework; sourceTree = BUILT_PRODUCTS_DIR; };
		9183DA2528FD2BE500E205C3 /* CurrencyApp.app */ = {isa = PBXFileReference; explicitFileType = wrapper.application; includeInIndex = 0; path = CurrencyApp.app; sourceTree = BUILT_PRODUCTS_DIR; };
		9183DA2828FD2BE500E205C3 /* AppDelegate.swift */ = {isa = PBXFileReference; lastKnownFileType = sourcecode.swift; path = AppDelegate.swift; sourceTree = "<group>"; };
		9183DA2A28FD2BE500E205C3 /* SceneDelegate.swift */ = {isa = PBXFileReference; lastKnownFileType = sourcecode.swift; path = SceneDelegate.swift; sourceTree = "<group>"; };
		9183DA2C28FD2BE500E205C3 /* ViewController.swift */ = {isa = PBXFileReference; lastKnownFileType = sourcecode.swift; path = ViewController.swift; sourceTree = "<group>"; };
		9183DA2F28FD2BE500E205C3 /* Base */ = {isa = PBXFileReference; lastKnownFileType = file.storyboard; name = Base; path = Base.lproj/Main.storyboard; sourceTree = "<group>"; };
		9183DA3128FD2BE700E205C3 /* Assets.xcassets */ = {isa = PBXFileReference; lastKnownFileType = folder.assetcatalog; path = Assets.xcassets; sourceTree = "<group>"; };
		9183DA3428FD2BE700E205C3 /* Base */ = {isa = PBXFileReference; lastKnownFileType = file.storyboard; name = Base; path = Base.lproj/LaunchScreen.storyboard; sourceTree = "<group>"; };
		9183DA3628FD2BE700E205C3 /* Info.plist */ = {isa = PBXFileReference; lastKnownFileType = text.plist.xml; path = Info.plist; sourceTree = "<group>"; };
		9183DA3B28FD2BE700E205C3 /* CurrencyAppTests.xctest */ = {isa = PBXFileReference; explicitFileType = wrapper.cfbundle; includeInIndex = 0; path = CurrencyAppTests.xctest; sourceTree = BUILT_PRODUCTS_DIR; };
		9183DA3F28FD2BE700E205C3 /* CurrencyAppTests.swift */ = {isa = PBXFileReference; lastKnownFileType = sourcecode.swift; path = CurrencyAppTests.swift; sourceTree = "<group>"; };
		9183DA4528FD2BE700E205C3 /* CurrencyAppUITests.xctest */ = {isa = PBXFileReference; explicitFileType = wrapper.cfbundle; includeInIndex = 0; path = CurrencyAppUITests.xctest; sourceTree = BUILT_PRODUCTS_DIR; };
		9183DA4928FD2BE700E205C3 /* CurrencyAppUITests.swift */ = {isa = PBXFileReference; lastKnownFileType = sourcecode.swift; path = CurrencyAppUITests.swift; sourceTree = "<group>"; };
		9183DA4B28FD2BE700E205C3 /* CurrencyAppUITestsLaunchTests.swift */ = {isa = PBXFileReference; lastKnownFileType = sourcecode.swift; path = CurrencyAppUITestsLaunchTests.swift; sourceTree = "<group>"; };
		9183DA6328FD3F5200E205C3 /* NetworkAdaptor.swift */ = {isa = PBXFileReference; lastKnownFileType = sourcecode.swift; path = NetworkAdaptor.swift; sourceTree = "<group>"; };
		9183DA6528FD3FC900E205C3 /* CurrencyNetworkURL.plist */ = {isa = PBXFileReference; lastKnownFileType = text.plist.xml; path = CurrencyNetworkURL.plist; sourceTree = "<group>"; };
		9183DA6728FD431100E205C3 /* AppConstants.swift */ = {isa = PBXFileReference; lastKnownFileType = sourcecode.swift; path = AppConstants.swift; sourceTree = "<group>"; };
		9183DA6928FD437700E205C3 /* NetworkConstants.swift */ = {isa = PBXFileReference; lastKnownFileType = sourcecode.swift; path = NetworkConstants.swift; sourceTree = "<group>"; };
		9183DA6B28FD472F00E205C3 /* Localizable.strings */ = {isa = PBXFileReference; lastKnownFileType = text.plist.strings; path = Localizable.strings; sourceTree = "<group>"; };
		9183DA6D28FD4BE100E205C3 /* BaseViewController.swift */ = {isa = PBXFileReference; lastKnownFileType = sourcecode.swift; path = BaseViewController.swift; sourceTree = "<group>"; };
		9183DA7028FD57A200E205C3 /* ProgressBar.xib */ = {isa = PBXFileReference; fileEncoding = 4; lastKnownFileType = file.xib; path = ProgressBar.xib; sourceTree = "<group>"; };
		9183DA7228FD57C500E205C3 /* AnimatedProgressView.swift */ = {isa = PBXFileReference; lastKnownFileType = sourcecode.swift; path = AnimatedProgressView.swift; sourceTree = "<group>"; };
		9183DA7428FD57E000E205C3 /* ProgressBarView.swift */ = {isa = PBXFileReference; lastKnownFileType = sourcecode.swift; path = ProgressBarView.swift; sourceTree = "<group>"; };
		9183DA7628FD57F200E205C3 /* ProgressBarViewable.swift */ = {isa = PBXFileReference; lastKnownFileType = sourcecode.swift; path = ProgressBarViewable.swift; sourceTree = "<group>"; };
		9183DA7828FD63E100E205C3 /* CurrencyPickerTF.swift */ = {isa = PBXFileReference; lastKnownFileType = sourcecode.swift; path = CurrencyPickerTF.swift; sourceTree = "<group>"; };
		9183DA7A28FD666100E205C3 /* CurrencyConverterVC.swift */ = {isa = PBXFileReference; lastKnownFileType = sourcecode.swift; path = CurrencyConverterVC.swift; sourceTree = "<group>"; };
		9183DA7D28FD66B100E205C3 /* CurrencyConverterViewModal.swift */ = {isa = PBXFileReference; lastKnownFileType = sourcecode.swift; path = CurrencyConverterViewModal.swift; sourceTree = "<group>"; };
		9183DA7F28FD894D00E205C3 /* CurrencyConverterViewModalTests.swift */ = {isa = PBXFileReference; lastKnownFileType = sourcecode.swift; path = CurrencyConverterViewModalTests.swift; sourceTree = "<group>"; };
		9183DA8528FD8DAB00E205C3 /* HistoricalDataModel.swift */ = {isa = PBXFileReference; lastKnownFileType = sourcecode.swift; path = HistoricalDataModel.swift; sourceTree = "<group>"; };
		9183DA8828FD8DC700E205C3 /* CurrencyModel.swift */ = {isa = PBXFileReference; lastKnownFileType = sourcecode.swift; path = CurrencyModel.swift; sourceTree = "<group>"; };
		9183DA8B28FD8DEF00E205C3 /* CurrencyDetailsViewModel.swift */ = {isa = PBXFileReference; lastKnownFileType = sourcecode.swift; path = CurrencyDetailsViewModel.swift; sourceTree = "<group>"; };
		9183DA8E28FD8E2100E205C3 /* CurrencyDataTableViewController.swift */ = {isa = PBXFileReference; lastKnownFileType = sourcecode.swift; path = CurrencyDataTableViewController.swift; sourceTree = "<group>"; };
		9183DA9128FD8E4500E205C3 /* CurrencyDetailsViewController.swift */ = {isa = PBXFileReference; lastKnownFileType = sourcecode.swift; path = CurrencyDetailsViewController.swift; sourceTree = "<group>"; };
		9183DA9528FD8E9400E205C3 /* UserHistoryTableViewCell.swift */ = {isa = PBXFileReference; lastKnownFileType = sourcecode.swift; path = UserHistoryTableViewCell.swift; sourceTree = "<group>"; };
		9183DA9628FD8E9400E205C3 /* UserHistoryTableViewCell.xib */ = {isa = PBXFileReference; lastKnownFileType = file.xib; path = UserHistoryTableViewCell.xib; sourceTree = "<group>"; };
		9183DA9D28FD8ED900E205C3 /* OtherCurrencyDataTableViewCell.swift */ = {isa = PBXFileReference; lastKnownFileType = sourcecode.swift; path = OtherCurrencyDataTableViewCell.swift; sourceTree = "<group>"; };
		9183DA9E28FD8ED900E205C3 /* OtherCurrencyDataTableViewCell.xib */ = {isa = PBXFileReference; lastKnownFileType = file.xib; path = OtherCurrencyDataTableViewCell.xib; sourceTree = "<group>"; };
		9183DAA328FD963200E205C3 /* CurrencyDetailsViewModelTests.swift */ = {isa = PBXFileReference; lastKnownFileType = sourcecode.swift; path = CurrencyDetailsViewModelTests.swift; sourceTree = "<group>"; };
		942BF59BC7E2DAC39FAAF286 /* Pods_CurrencyApp_CurrencyAppUITests.framework */ = {isa = PBXFileReference; explicitFileType = wrapper.framework; includeInIndex = 0; path = Pods_CurrencyApp_CurrencyAppUITests.framework; sourceTree = BUILT_PRODUCTS_DIR; };
		A8BA96817877C8744CC257FB /* Pods-CurrencyApp-CurrencyAppUITests.debug.xcconfig */ = {isa = PBXFileReference; includeInIndex = 1; lastKnownFileType = text.xcconfig; name = "Pods-CurrencyApp-CurrencyAppUITests.debug.xcconfig"; path = "Target Support Files/Pods-CurrencyApp-CurrencyAppUITests/Pods-CurrencyApp-CurrencyAppUITests.debug.xcconfig"; sourceTree = "<group>"; };
		BAC0B5A1B51B7605ECB3CFAE /* Pods-CurrencyAppTests.debug.xcconfig */ = {isa = PBXFileReference; includeInIndex = 1; lastKnownFileType = text.xcconfig; name = "Pods-CurrencyAppTests.debug.xcconfig"; path = "Target Support Files/Pods-CurrencyAppTests/Pods-CurrencyAppTests.debug.xcconfig"; sourceTree = "<group>"; };
		BE0F14CF753E74E05C97B217 /* Pods_CurrencyApp.framework */ = {isa = PBXFileReference; explicitFileType = wrapper.framework; includeInIndex = 0; path = Pods_CurrencyApp.framework; sourceTree = BUILT_PRODUCTS_DIR; };
		BF07806865BEFDFEA9EBB248 /* Pods-CurrencyAppTests.release.xcconfig */ = {isa = PBXFileReference; includeInIndex = 1; lastKnownFileType = text.xcconfig; name = "Pods-CurrencyAppTests.release.xcconfig"; path = "Target Support Files/Pods-CurrencyAppTests/Pods-CurrencyAppTests.release.xcconfig"; sourceTree = "<group>"; };
		D40D9E612DE07F75B61BB865 /* Pods-CurrencyApp-CurrencyAppUITests.release.xcconfig */ = {isa = PBXFileReference; includeInIndex = 1; lastKnownFileType = text.xcconfig; name = "Pods-CurrencyApp-CurrencyAppUITests.release.xcconfig"; path = "Target Support Files/Pods-CurrencyApp-CurrencyAppUITests/Pods-CurrencyApp-CurrencyAppUITests.release.xcconfig"; sourceTree = "<group>"; };
		F819AA07579840128C5964A2 /* Pods-CurrencyApp.debug.xcconfig */ = {isa = PBXFileReference; includeInIndex = 1; lastKnownFileType = text.xcconfig; name = "Pods-CurrencyApp.debug.xcconfig"; path = "Target Support Files/Pods-CurrencyApp/Pods-CurrencyApp.debug.xcconfig"; sourceTree = "<group>"; };
		FCCD8178A4D877A7E2815888 /* Pods-CurrencyApp.release.xcconfig */ = {isa = PBXFileReference; includeInIndex = 1; lastKnownFileType = text.xcconfig; name = "Pods-CurrencyApp.release.xcconfig"; path = "Target Support Files/Pods-CurrencyApp/Pods-CurrencyApp.release.xcconfig"; sourceTree = "<group>"; };
/* End PBXFileReference section */

/* Begin PBXFrameworksBuildPhase section */
		9183DA2228FD2BE500E205C3 /* Frameworks */ = {
			isa = PBXFrameworksBuildPhase;
			buildActionMask = 2147483647;
			files = (
				95B77CC97D43F9A2D057B194 /* Pods_CurrencyApp.framework in Frameworks */,
			);
			runOnlyForDeploymentPostprocessing = 0;
		};
		9183DA3828FD2BE700E205C3 /* Frameworks */ = {
			isa = PBXFrameworksBuildPhase;
			buildActionMask = 2147483647;
			files = (
				3C1217480EF74C5365F22742 /* Pods_CurrencyAppTests.framework in Frameworks */,
			);
			runOnlyForDeploymentPostprocessing = 0;
		};
		9183DA4228FD2BE700E205C3 /* Frameworks */ = {
			isa = PBXFrameworksBuildPhase;
			buildActionMask = 2147483647;
			files = (
				901F8F697B208C6C9120B21D /* Pods_CurrencyApp_CurrencyAppUITests.framework in Frameworks */,
			);
			runOnlyForDeploymentPostprocessing = 0;
		};
/* End PBXFrameworksBuildPhase section */

/* Begin PBXGroup section */
		9183DA1C28FD2BE500E205C3 = {
			isa = PBXGroup;
			children = (
				9183DA2728FD2BE500E205C3 /* CurrencyApp */,
				9183DA3E28FD2BE700E205C3 /* CurrencyAppTests */,
				9183DA4828FD2BE700E205C3 /* CurrencyAppUITests */,
				9183DA2628FD2BE500E205C3 /* Products */,
				BC3E2AA0E9C786B8CB6FCEC1 /* Pods */,
				B8A6B42785D9C04887D19E15 /* Frameworks */,
			);
			sourceTree = "<group>";
		};
		9183DA2628FD2BE500E205C3 /* Products */ = {
			isa = PBXGroup;
			children = (
				9183DA2528FD2BE500E205C3 /* CurrencyApp.app */,
				9183DA3B28FD2BE700E205C3 /* CurrencyAppTests.xctest */,
				9183DA4528FD2BE700E205C3 /* CurrencyAppUITests.xctest */,
			);
			name = Products;
			sourceTree = "<group>";
		};
		9183DA2728FD2BE500E205C3 /* CurrencyApp */ = {
			isa = PBXGroup;
			children = (
				9183DA5E28FD39BC00E205C3 /* Helpers */,
				9183DA5D28FD39AB00E205C3 /* Resources */,
				9183DA5C28FD39A500E205C3 /* Views */,
				9183DA5B28FD399D00E205C3 /* Storyboard */,
				9183DA5A28FD399300E205C3 /* Network */,
				9183DA5928FD398A00E205C3 /* Models */,
				9183DA5828FD397000E205C3 /* Controllers */,
				9183DA8428FD8D6A00E205C3 /* Model */,
				9183DA7C28FD669300E205C3 /* ViewModel */,
				9183DA2828FD2BE500E205C3 /* AppDelegate.swift */,
				9183DA2A28FD2BE500E205C3 /* SceneDelegate.swift */,
				9183DA2C28FD2BE500E205C3 /* ViewController.swift */,
				9183DA3128FD2BE700E205C3 /* Assets.xcassets */,
				9183DA3328FD2BE700E205C3 /* LaunchScreen.storyboard */,
				9183DA3628FD2BE700E205C3 /* Info.plist */,
			);
			path = CurrencyApp;
			sourceTree = "<group>";
		};
		9183DA3E28FD2BE700E205C3 /* CurrencyAppTests */ = {
			isa = PBXGroup;
			children = (
				9183DA3F28FD2BE700E205C3 /* CurrencyAppTests.swift */,
				9183DA7F28FD894D00E205C3 /* CurrencyConverterViewModalTests.swift */,
				9183DAA328FD963200E205C3 /* CurrencyDetailsViewModelTests.swift */,
			);
			path = CurrencyAppTests;
			sourceTree = "<group>";
		};
		9183DA4828FD2BE700E205C3 /* CurrencyAppUITests */ = {
			isa = PBXGroup;
			children = (
				9183DA4928FD2BE700E205C3 /* CurrencyAppUITests.swift */,
				9183DA4B28FD2BE700E205C3 /* CurrencyAppUITestsLaunchTests.swift */,
			);
			path = CurrencyAppUITests;
			sourceTree = "<group>";
		};
		9183DA5828FD397000E205C3 /* Controllers */ = {
			isa = PBXGroup;
			children = (
				9183DA6D28FD4BE100E205C3 /* BaseViewController.swift */,
				9183DA7A28FD666100E205C3 /* CurrencyConverterVC.swift */,
				9183DA8E28FD8E2100E205C3 /* CurrencyDataTableViewController.swift */,
				9183DA9128FD8E4500E205C3 /* CurrencyDetailsViewController.swift */,
			);
			path = Controllers;
			sourceTree = "<group>";
		};
		9183DA5928FD398A00E205C3 /* Models */ = {
			isa = PBXGroup;
			children = (
			);
			path = Models;
			sourceTree = "<group>";
		};
		9183DA5A28FD399300E205C3 /* Network */ = {
			isa = PBXGroup;
			children = (
				9183DA6228FD3E6900E205C3 /* Resources */,
				9183DA6128FD3E6300E205C3 /* Constants */,
				9183DA5F28FD3E4E00E205C3 /* Adaptors */,
			);
			path = Network;
			sourceTree = "<group>";
		};
		9183DA5B28FD399D00E205C3 /* Storyboard */ = {
			isa = PBXGroup;
			children = (
				9183DA2E28FD2BE500E205C3 /* Main.storyboard */,
			);
			path = Storyboard;
			sourceTree = "<group>";
		};
		9183DA5C28FD39A500E205C3 /* Views */ = {
			isa = PBXGroup;
			children = (
				9183DA7828FD63E100E205C3 /* CurrencyPickerTF.swift */,
				9183DA9C28FD8EC000E205C3 /* OtherCurrencyTableViewFiles */,
				9183DA9428FD8E5D00E205C3 /* HistoricalDataTableViewFiles */,
				9183DA6F28FD56F100E205C3 /* ProgressBar */,
			);
			path = Views;
			sourceTree = "<group>";
		};
		9183DA5D28FD39AB00E205C3 /* Resources */ = {
			isa = PBXGroup;
			children = (
				9183DA6B28FD472F00E205C3 /* Localizable.strings */,
			);
			path = Resources;
			sourceTree = "<group>";
		};
		9183DA5E28FD39BC00E205C3 /* Helpers */ = {
			isa = PBXGroup;
			children = (
				9183DA6728FD431100E205C3 /* AppConstants.swift */,
			);
			path = Helpers;
			sourceTree = "<group>";
		};
		9183DA5F28FD3E4E00E205C3 /* Adaptors */ = {
			isa = PBXGroup;
			children = (
				9183DA6328FD3F5200E205C3 /* NetworkAdaptor.swift */,
			);
			path = Adaptors;
			sourceTree = "<group>";
		};
		9183DA6128FD3E6300E205C3 /* Constants */ = {
			isa = PBXGroup;
			children = (
				9183DA6928FD437700E205C3 /* NetworkConstants.swift */,
			);
			path = Constants;
			sourceTree = "<group>";
		};
		9183DA6228FD3E6900E205C3 /* Resources */ = {
			isa = PBXGroup;
			children = (
				9183DA6528FD3FC900E205C3 /* CurrencyNetworkURL.plist */,
			);
			path = Resources;
			sourceTree = "<group>";
		};
		9183DA6F28FD56F100E205C3 /* ProgressBar */ = {
			isa = PBXGroup;
			children = (
				9183DA7028FD57A200E205C3 /* ProgressBar.xib */,
				9183DA7228FD57C500E205C3 /* AnimatedProgressView.swift */,
				9183DA7628FD57F200E205C3 /* ProgressBarViewable.swift */,
				9183DA7428FD57E000E205C3 /* ProgressBarView.swift */,
			);
			path = ProgressBar;
			sourceTree = "<group>";
		};
		9183DA7C28FD669300E205C3 /* ViewModel */ = {
			isa = PBXGroup;
			children = (
				9183DA7D28FD66B100E205C3 /* CurrencyConverterViewModal.swift */,
				9183DA8B28FD8DEF00E205C3 /* CurrencyDetailsViewModel.swift */,
			);
			path = ViewModel;
			sourceTree = "<group>";
		};
		9183DA8428FD8D6A00E205C3 /* Model */ = {
			isa = PBXGroup;
			children = (
				9183DA8528FD8DAB00E205C3 /* HistoricalDataModel.swift */,
				9183DA8828FD8DC700E205C3 /* CurrencyModel.swift */,
			);
			path = Model;
			sourceTree = "<group>";
		};
		9183DA9428FD8E5D00E205C3 /* HistoricalDataTableViewFiles */ = {
			isa = PBXGroup;
			children = (
				9183DA9528FD8E9400E205C3 /* UserHistoryTableViewCell.swift */,
				9183DA9628FD8E9400E205C3 /* UserHistoryTableViewCell.xib */,
			);
			path = HistoricalDataTableViewFiles;
			sourceTree = "<group>";
		};
		9183DA9C28FD8EC000E205C3 /* OtherCurrencyTableViewFiles */ = {
			isa = PBXGroup;
			children = (
				9183DA9D28FD8ED900E205C3 /* OtherCurrencyDataTableViewCell.swift */,
				9183DA9E28FD8ED900E205C3 /* OtherCurrencyDataTableViewCell.xib */,
			);
			path = OtherCurrencyTableViewFiles;
			sourceTree = "<group>";
		};
		B8A6B42785D9C04887D19E15 /* Frameworks */ = {
			isa = PBXGroup;
			children = (
				BE0F14CF753E74E05C97B217 /* Pods_CurrencyApp.framework */,
				942BF59BC7E2DAC39FAAF286 /* Pods_CurrencyApp_CurrencyAppUITests.framework */,
				57761B34B0616BCACF06B564 /* Pods_CurrencyAppTests.framework */,
			);
			name = Frameworks;
			sourceTree = "<group>";
		};
		BC3E2AA0E9C786B8CB6FCEC1 /* Pods */ = {
			isa = PBXGroup;
			children = (
				F819AA07579840128C5964A2 /* Pods-CurrencyApp.debug.xcconfig */,
				FCCD8178A4D877A7E2815888 /* Pods-CurrencyApp.release.xcconfig */,
				A8BA96817877C8744CC257FB /* Pods-CurrencyApp-CurrencyAppUITests.debug.xcconfig */,
				D40D9E612DE07F75B61BB865 /* Pods-CurrencyApp-CurrencyAppUITests.release.xcconfig */,
				BAC0B5A1B51B7605ECB3CFAE /* Pods-CurrencyAppTests.debug.xcconfig */,
				BF07806865BEFDFEA9EBB248 /* Pods-CurrencyAppTests.release.xcconfig */,
			);
			path = Pods;
			sourceTree = "<group>";
		};
/* End PBXGroup section */

/* Begin PBXNativeTarget section */
		9183DA2428FD2BE500E205C3 /* CurrencyApp */ = {
			isa = PBXNativeTarget;
			buildConfigurationList = 9183DA4F28FD2BE700E205C3 /* Build configuration list for PBXNativeTarget "CurrencyApp" */;
			buildPhases = (
				537858E0BAC69FE6E507E5A3 /* [CP] Check Pods Manifest.lock */,
				9183DA2128FD2BE500E205C3 /* Sources */,
				9183DA2228FD2BE500E205C3 /* Frameworks */,
				9183DA2328FD2BE500E205C3 /* Resources */,
				1D64F16AC2D74445A0930768 /* [CP] Embed Pods Frameworks */,
				9183DAA928FE7F0500E205C3 /* Run Script - Swiftlint */,
			);
			buildRules = (
			);
			dependencies = (
			);
			name = CurrencyApp;
			productName = CurrencyApp;
			productReference = 9183DA2528FD2BE500E205C3 /* CurrencyApp.app */;
			productType = "com.apple.product-type.application";
		};
		9183DA3A28FD2BE700E205C3 /* CurrencyAppTests */ = {
			isa = PBXNativeTarget;
			buildConfigurationList = 9183DA5228FD2BE700E205C3 /* Build configuration list for PBXNativeTarget "CurrencyAppTests" */;
			buildPhases = (
				5C268F8E3CADDF5BD141A018 /* [CP] Check Pods Manifest.lock */,
				9183DA3728FD2BE700E205C3 /* Sources */,
				9183DA3828FD2BE700E205C3 /* Frameworks */,
				9183DA3928FD2BE700E205C3 /* Resources */,
			);
			buildRules = (
			);
			dependencies = (
				9183DA3D28FD2BE700E205C3 /* PBXTargetDependency */,
			);
			name = CurrencyAppTests;
			productName = CurrencyAppTests;
			productReference = 9183DA3B28FD2BE700E205C3 /* CurrencyAppTests.xctest */;
			productType = "com.apple.product-type.bundle.unit-test";
		};
		9183DA4428FD2BE700E205C3 /* CurrencyAppUITests */ = {
			isa = PBXNativeTarget;
			buildConfigurationList = 9183DA5528FD2BE700E205C3 /* Build configuration list for PBXNativeTarget "CurrencyAppUITests" */;
			buildPhases = (
				7958ABDDF6DE1103FDAD39E4 /* [CP] Check Pods Manifest.lock */,
				9183DA4128FD2BE700E205C3 /* Sources */,
				9183DA4228FD2BE700E205C3 /* Frameworks */,
				9183DA4328FD2BE700E205C3 /* Resources */,
				484CAC9AA8CC9331B3D19344 /* [CP] Embed Pods Frameworks */,
			);
			buildRules = (
			);
			dependencies = (
				9183DA4728FD2BE700E205C3 /* PBXTargetDependency */,
			);
			name = CurrencyAppUITests;
			productName = CurrencyAppUITests;
			productReference = 9183DA4528FD2BE700E205C3 /* CurrencyAppUITests.xctest */;
			productType = "com.apple.product-type.bundle.ui-testing";
		};
/* End PBXNativeTarget section */

/* Begin PBXProject section */
		9183DA1D28FD2BE500E205C3 /* Project object */ = {
			isa = PBXProject;
			attributes = {
				BuildIndependentTargetsInParallel = 1;
				LastSwiftUpdateCheck = 1320;
				LastUpgradeCheck = 1320;
				TargetAttributes = {
					9183DA2428FD2BE500E205C3 = {
						CreatedOnToolsVersion = 13.2.1;
					};
					9183DA3A28FD2BE700E205C3 = {
						CreatedOnToolsVersion = 13.2.1;
						TestTargetID = 9183DA2428FD2BE500E205C3;
					};
					9183DA4428FD2BE700E205C3 = {
						CreatedOnToolsVersion = 13.2.1;
						TestTargetID = 9183DA2428FD2BE500E205C3;
					};
				};
			};
			buildConfigurationList = 9183DA2028FD2BE500E205C3 /* Build configuration list for PBXProject "CurrencyApp" */;
			compatibilityVersion = "Xcode 13.0";
			developmentRegion = en;
			hasScannedForEncodings = 0;
			knownRegions = (
				en,
				Base,
			);
			mainGroup = 9183DA1C28FD2BE500E205C3;
			productRefGroup = 9183DA2628FD2BE500E205C3 /* Products */;
			projectDirPath = "";
			projectRoot = "";
			targets = (
				9183DA2428FD2BE500E205C3 /* CurrencyApp */,
				9183DA3A28FD2BE700E205C3 /* CurrencyAppTests */,
				9183DA4428FD2BE700E205C3 /* CurrencyAppUITests */,
			);
		};
/* End PBXProject section */

/* Begin PBXResourcesBuildPhase section */
		9183DA2328FD2BE500E205C3 /* Resources */ = {
			isa = PBXResourcesBuildPhase;
			buildActionMask = 2147483647;
			files = (
				9183DA6C28FD472F00E205C3 /* Localizable.strings in Resources */,
				9183DAA128FD8ED900E205C3 /* OtherCurrencyDataTableViewCell.xib in Resources */,
				9183DA3528FD2BE700E205C3 /* LaunchScreen.storyboard in Resources */,
				9183DA9928FD8E9400E205C3 /* UserHistoryTableViewCell.xib in Resources */,
				9183DA3228FD2BE700E205C3 /* Assets.xcassets in Resources */,
				9183DA6628FD3FC900E205C3 /* CurrencyNetworkURL.plist in Resources */,
				9183DA3028FD2BE500E205C3 /* Main.storyboard in Resources */,
				9183DA7128FD57A200E205C3 /* ProgressBar.xib in Resources */,
			);
			runOnlyForDeploymentPostprocessing = 0;
		};
		9183DA3928FD2BE700E205C3 /* Resources */ = {
			isa = PBXResourcesBuildPhase;
			buildActionMask = 2147483647;
			files = (
				9183DA9A28FD8E9400E205C3 /* UserHistoryTableViewCell.xib in Resources */,
				9183DAA228FD8ED900E205C3 /* OtherCurrencyDataTableViewCell.xib in Resources */,
			);
			runOnlyForDeploymentPostprocessing = 0;
		};
		9183DA4328FD2BE700E205C3 /* Resources */ = {
			isa = PBXResourcesBuildPhase;
			buildActionMask = 2147483647;
			files = (
			);
			runOnlyForDeploymentPostprocessing = 0;
		};
/* End PBXResourcesBuildPhase section */

/* Begin PBXShellScriptBuildPhase section */
		1D64F16AC2D74445A0930768 /* [CP] Embed Pods Frameworks */ = {
			isa = PBXShellScriptBuildPhase;
			buildActionMask = 2147483647;
			files = (
			);
			inputFileListPaths = (
				"${PODS_ROOT}/Target Support Files/Pods-CurrencyApp/Pods-CurrencyApp-frameworks-${CONFIGURATION}-input-files.xcfilelist",
			);
			name = "[CP] Embed Pods Frameworks";
			outputFileListPaths = (
				"${PODS_ROOT}/Target Support Files/Pods-CurrencyApp/Pods-CurrencyApp-frameworks-${CONFIGURATION}-output-files.xcfilelist",
			);
			runOnlyForDeploymentPostprocessing = 0;
			shellPath = /bin/sh;
			shellScript = "\"${PODS_ROOT}/Target Support Files/Pods-CurrencyApp/Pods-CurrencyApp-frameworks.sh\"\n";
			showEnvVarsInLog = 0;
		};
		484CAC9AA8CC9331B3D19344 /* [CP] Embed Pods Frameworks */ = {
			isa = PBXShellScriptBuildPhase;
			buildActionMask = 2147483647;
			files = (
			);
			inputFileListPaths = (
				"${PODS_ROOT}/Target Support Files/Pods-CurrencyApp-CurrencyAppUITests/Pods-CurrencyApp-CurrencyAppUITests-frameworks-${CONFIGURATION}-input-files.xcfilelist",
			);
			name = "[CP] Embed Pods Frameworks";
			outputFileListPaths = (
				"${PODS_ROOT}/Target Support Files/Pods-CurrencyApp-CurrencyAppUITests/Pods-CurrencyApp-CurrencyAppUITests-frameworks-${CONFIGURATION}-output-files.xcfilelist",
			);
			runOnlyForDeploymentPostprocessing = 0;
			shellPath = /bin/sh;
			shellScript = "\"${PODS_ROOT}/Target Support Files/Pods-CurrencyApp-CurrencyAppUITests/Pods-CurrencyApp-CurrencyAppUITests-frameworks.sh\"\n";
			showEnvVarsInLog = 0;
		};
		537858E0BAC69FE6E507E5A3 /* [CP] Check Pods Manifest.lock */ = {
			isa = PBXShellScriptBuildPhase;
			buildActionMask = 2147483647;
			files = (
			);
			inputFileListPaths = (
			);
			inputPaths = (
				"${PODS_PODFILE_DIR_PATH}/Podfile.lock",
				"${PODS_ROOT}/Manifest.lock",
			);
			name = "[CP] Check Pods Manifest.lock";
			outputFileListPaths = (
			);
			outputPaths = (
				"$(DERIVED_FILE_DIR)/Pods-CurrencyApp-checkManifestLockResult.txt",
			);
			runOnlyForDeploymentPostprocessing = 0;
			shellPath = /bin/sh;
			shellScript = "diff \"${PODS_PODFILE_DIR_PATH}/Podfile.lock\" \"${PODS_ROOT}/Manifest.lock\" > /dev/null\nif [ $? != 0 ] ; then\n    # print error to STDERR\n    echo \"error: The sandbox is not in sync with the Podfile.lock. Run 'pod install' or update your CocoaPods installation.\" >&2\n    exit 1\nfi\n# This output is used by Xcode 'outputs' to avoid re-running this script phase.\necho \"SUCCESS\" > \"${SCRIPT_OUTPUT_FILE_0}\"\n";
			showEnvVarsInLog = 0;
		};
		5C268F8E3CADDF5BD141A018 /* [CP] Check Pods Manifest.lock */ = {
			isa = PBXShellScriptBuildPhase;
			buildActionMask = 2147483647;
			files = (
			);
			inputFileListPaths = (
			);
			inputPaths = (
				"${PODS_PODFILE_DIR_PATH}/Podfile.lock",
				"${PODS_ROOT}/Manifest.lock",
			);
			name = "[CP] Check Pods Manifest.lock";
			outputFileListPaths = (
			);
			outputPaths = (
				"$(DERIVED_FILE_DIR)/Pods-CurrencyAppTests-checkManifestLockResult.txt",
			);
			runOnlyForDeploymentPostprocessing = 0;
			shellPath = /bin/sh;
			shellScript = "diff \"${PODS_PODFILE_DIR_PATH}/Podfile.lock\" \"${PODS_ROOT}/Manifest.lock\" > /dev/null\nif [ $? != 0 ] ; then\n    # print error to STDERR\n    echo \"error: The sandbox is not in sync with the Podfile.lock. Run 'pod install' or update your CocoaPods installation.\" >&2\n    exit 1\nfi\n# This output is used by Xcode 'outputs' to avoid re-running this script phase.\necho \"SUCCESS\" > \"${SCRIPT_OUTPUT_FILE_0}\"\n";
			showEnvVarsInLog = 0;
		};
		7958ABDDF6DE1103FDAD39E4 /* [CP] Check Pods Manifest.lock */ = {
			isa = PBXShellScriptBuildPhase;
			buildActionMask = 2147483647;
			files = (
			);
			inputFileListPaths = (
			);
			inputPaths = (
				"${PODS_PODFILE_DIR_PATH}/Podfile.lock",
				"${PODS_ROOT}/Manifest.lock",
			);
			name = "[CP] Check Pods Manifest.lock";
			outputFileListPaths = (
			);
			outputPaths = (
				"$(DERIVED_FILE_DIR)/Pods-CurrencyApp-CurrencyAppUITests-checkManifestLockResult.txt",
			);
			runOnlyForDeploymentPostprocessing = 0;
			shellPath = /bin/sh;
			shellScript = "diff \"${PODS_PODFILE_DIR_PATH}/Podfile.lock\" \"${PODS_ROOT}/Manifest.lock\" > /dev/null\nif [ $? != 0 ] ; then\n    # print error to STDERR\n    echo \"error: The sandbox is not in sync with the Podfile.lock. Run 'pod install' or update your CocoaPods installation.\" >&2\n    exit 1\nfi\n# This output is used by Xcode 'outputs' to avoid re-running this script phase.\necho \"SUCCESS\" > \"${SCRIPT_OUTPUT_FILE_0}\"\n";
			showEnvVarsInLog = 0;
		};
		9183DAA928FE7F0500E205C3 /* Run Script - Swiftlint */ = {
			isa = PBXShellScriptBuildPhase;
			buildActionMask = 2147483647;
			files = (
			);
			inputFileListPaths = (
			);
			inputPaths = (
			);
			name = "Run Script - Swiftlint";
			outputFileListPaths = (
			);
			outputPaths = (
			);
			runOnlyForDeploymentPostprocessing = 0;
			shellPath = /bin/sh;
			shellScript = "# Type a script or drag a script file from your workspace to insert its path.\n# Adds support for Apple Silicon brew directory\n\"${PODS_ROOT}/SwiftLint/swiftlint\"\n";
		};
/* End PBXShellScriptBuildPhase section */

/* Begin PBXSourcesBuildPhase section */
		9183DA2128FD2BE500E205C3 /* Sources */ = {
			isa = PBXSourcesBuildPhase;
			buildActionMask = 2147483647;
			files = (
				9183DA8F28FD8E2100E205C3 /* CurrencyDataTableViewController.swift in Sources */,
				9183DA9F28FD8ED900E205C3 /* OtherCurrencyDataTableViewCell.swift in Sources */,
				9183DA7928FD63E100E205C3 /* CurrencyPickerTF.swift in Sources */,
				9183DA7E28FD66B100E205C3 /* CurrencyConverterViewModal.swift in Sources */,
				9183DA7528FD57E000E205C3 /* ProgressBarView.swift in Sources */,
				9183DA7328FD57C500E205C3 /* AnimatedProgressView.swift in Sources */,
				9183DA6A28FD437700E205C3 /* NetworkConstants.swift in Sources */,
				9183DA9228FD8E4500E205C3 /* CurrencyDetailsViewController.swift in Sources */,
				9183DA8928FD8DC700E205C3 /* CurrencyModel.swift in Sources */,
				9183DA8C28FD8DEF00E205C3 /* CurrencyDetailsViewModel.swift in Sources */,
				9183DA6428FD3F5200E205C3 /* NetworkAdaptor.swift in Sources */,
				9183DA7B28FD666100E205C3 /* CurrencyConverterVC.swift in Sources */,
				9183DA8628FD8DAB00E205C3 /* HistoricalDataModel.swift in Sources */,
				9183DA7728FD57F200E205C3 /* ProgressBarViewable.swift in Sources */,
				9183DA9728FD8E9400E205C3 /* UserHistoryTableViewCell.swift in Sources */,
				9183DA2D28FD2BE500E205C3 /* ViewController.swift in Sources */,
				9183DA2928FD2BE500E205C3 /* AppDelegate.swift in Sources */,
				9183DA2B28FD2BE500E205C3 /* SceneDelegate.swift in Sources */,
				9183DA6E28FD4BE100E205C3 /* BaseViewController.swift in Sources */,
				9183DA6828FD431100E205C3 /* AppConstants.swift in Sources */,
			);
			runOnlyForDeploymentPostprocessing = 0;
		};
		9183DA3728FD2BE700E205C3 /* Sources */ = {
			isa = PBXSourcesBuildPhase;
			buildActionMask = 2147483647;
			files = (
				9183DAA628FD96E300E205C3 /* ProgressBarViewable.swift in Sources */,
				9183DA8A28FD8DC700E205C3 /* CurrencyModel.swift in Sources */,
				9183DA8228FD8A3500E205C3 /* NetworkAdaptor.swift in Sources */,
				9183DA8728FD8DAB00E205C3 /* HistoricalDataModel.swift in Sources */,
				9183DA9028FD8E2100E205C3 /* CurrencyDataTableViewController.swift in Sources */,
				9183DA8028FD894D00E205C3 /* CurrencyConverterViewModalTests.swift in Sources */,
				9183DAA528FD96A400E205C3 /* BaseViewController.swift in Sources */,
				9183DAA428FD963200E205C3 /* CurrencyDetailsViewModelTests.swift in Sources */,
				9183DAA728FD96E500E205C3 /* AnimatedProgressView.swift in Sources */,
				9183DAA028FD8ED900E205C3 /* OtherCurrencyDataTableViewCell.swift in Sources */,
				9183DA9828FD8E9400E205C3 /* UserHistoryTableViewCell.swift in Sources */,
				9183DA4028FD2BE700E205C3 /* CurrencyAppTests.swift in Sources */,
				9183DA8128FD89B500E205C3 /* CurrencyConverterViewModal.swift in Sources */,
				9183DA8D28FD8DEF00E205C3 /* CurrencyDetailsViewModel.swift in Sources */,
				9183DA9328FD8E4500E205C3 /* CurrencyDetailsViewController.swift in Sources */,
				9183DA8328FD8A5000E205C3 /* AppConstants.swift in Sources */,
				9183DAA828FD96E800E205C3 /* ProgressBarView.swift in Sources */,
			);
			runOnlyForDeploymentPostprocessing = 0;
		};
		9183DA4128FD2BE700E205C3 /* Sources */ = {
			isa = PBXSourcesBuildPhase;
			buildActionMask = 2147483647;
			files = (
				9183DA4A28FD2BE700E205C3 /* CurrencyAppUITests.swift in Sources */,
				9183DA4C28FD2BE700E205C3 /* CurrencyAppUITestsLaunchTests.swift in Sources */,
			);
			runOnlyForDeploymentPostprocessing = 0;
		};
/* End PBXSourcesBuildPhase section */

/* Begin PBXTargetDependency section */
		9183DA3D28FD2BE700E205C3 /* PBXTargetDependency */ = {
			isa = PBXTargetDependency;
			target = 9183DA2428FD2BE500E205C3 /* CurrencyApp */;
			targetProxy = 9183DA3C28FD2BE700E205C3 /* PBXContainerItemProxy */;
		};
		9183DA4728FD2BE700E205C3 /* PBXTargetDependency */ = {
			isa = PBXTargetDependency;
			target = 9183DA2428FD2BE500E205C3 /* CurrencyApp */;
			targetProxy = 9183DA4628FD2BE700E205C3 /* PBXContainerItemProxy */;
		};
/* End PBXTargetDependency section */

/* Begin PBXVariantGroup section */
		9183DA2E28FD2BE500E205C3 /* Main.storyboard */ = {
			isa = PBXVariantGroup;
			children = (
				9183DA2F28FD2BE500E205C3 /* Base */,
			);
			name = Main.storyboard;
			sourceTree = "<group>";
		};
		9183DA3328FD2BE700E205C3 /* LaunchScreen.storyboard */ = {
			isa = PBXVariantGroup;
			children = (
				9183DA3428FD2BE700E205C3 /* Base */,
			);
			name = LaunchScreen.storyboard;
			sourceTree = "<group>";
		};
/* End PBXVariantGroup section */

/* Begin XCBuildConfiguration section */
		9183DA4D28FD2BE700E205C3 /* Debug */ = {
			isa = XCBuildConfiguration;
			buildSettings = {
				ALWAYS_SEARCH_USER_PATHS = NO;
				CLANG_ANALYZER_NONNULL = YES;
				CLANG_ANALYZER_NUMBER_OBJECT_CONVERSION = YES_AGGRESSIVE;
				CLANG_CXX_LANGUAGE_STANDARD = "gnu++17";
				CLANG_CXX_LIBRARY = "libc++";
				CLANG_ENABLE_MODULES = YES;
				CLANG_ENABLE_OBJC_ARC = YES;
				CLANG_ENABLE_OBJC_WEAK = YES;
				CLANG_WARN_BLOCK_CAPTURE_AUTORELEASING = YES;
				CLANG_WARN_BOOL_CONVERSION = YES;
				CLANG_WARN_COMMA = YES;
				CLANG_WARN_CONSTANT_CONVERSION = YES;
				CLANG_WARN_DEPRECATED_OBJC_IMPLEMENTATIONS = YES;
				CLANG_WARN_DIRECT_OBJC_ISA_USAGE = YES_ERROR;
				CLANG_WARN_DOCUMENTATION_COMMENTS = YES;
				CLANG_WARN_EMPTY_BODY = YES;
				CLANG_WARN_ENUM_CONVERSION = YES;
				CLANG_WARN_INFINITE_RECURSION = YES;
				CLANG_WARN_INT_CONVERSION = YES;
				CLANG_WARN_NON_LITERAL_NULL_CONVERSION = YES;
				CLANG_WARN_OBJC_IMPLICIT_RETAIN_SELF = YES;
				CLANG_WARN_OBJC_LITERAL_CONVERSION = YES;
				CLANG_WARN_OBJC_ROOT_CLASS = YES_ERROR;
				CLANG_WARN_QUOTED_INCLUDE_IN_FRAMEWORK_HEADER = YES;
				CLANG_WARN_RANGE_LOOP_ANALYSIS = YES;
				CLANG_WARN_STRICT_PROTOTYPES = YES;
				CLANG_WARN_SUSPICIOUS_MOVE = YES;
				CLANG_WARN_UNGUARDED_AVAILABILITY = YES_AGGRESSIVE;
				CLANG_WARN_UNREACHABLE_CODE = YES;
				CLANG_WARN__DUPLICATE_METHOD_MATCH = YES;
				COPY_PHASE_STRIP = NO;
				DEBUG_INFORMATION_FORMAT = dwarf;
				ENABLE_STRICT_OBJC_MSGSEND = YES;
				ENABLE_TESTABILITY = YES;
				GCC_C_LANGUAGE_STANDARD = gnu11;
				GCC_DYNAMIC_NO_PIC = NO;
				GCC_NO_COMMON_BLOCKS = YES;
				GCC_OPTIMIZATION_LEVEL = 0;
				GCC_PREPROCESSOR_DEFINITIONS = (
					"DEBUG=1",
					"$(inherited)",
				);
				GCC_WARN_64_TO_32_BIT_CONVERSION = YES;
				GCC_WARN_ABOUT_RETURN_TYPE = YES_ERROR;
				GCC_WARN_UNDECLARED_SELECTOR = YES;
				GCC_WARN_UNINITIALIZED_AUTOS = YES_AGGRESSIVE;
				GCC_WARN_UNUSED_FUNCTION = YES;
				GCC_WARN_UNUSED_VARIABLE = YES;
				IPHONEOS_DEPLOYMENT_TARGET = 14.0;
				MTL_ENABLE_DEBUG_INFO = INCLUDE_SOURCE;
				MTL_FAST_MATH = YES;
				ONLY_ACTIVE_ARCH = YES;
				SDKROOT = iphoneos;
				SWIFT_ACTIVE_COMPILATION_CONDITIONS = DEBUG;
				SWIFT_OPTIMIZATION_LEVEL = "-Onone";
			};
			name = Debug;
		};
		9183DA4E28FD2BE700E205C3 /* Release */ = {
			isa = XCBuildConfiguration;
			buildSettings = {
				ALWAYS_SEARCH_USER_PATHS = NO;
				CLANG_ANALYZER_NONNULL = YES;
				CLANG_ANALYZER_NUMBER_OBJECT_CONVERSION = YES_AGGRESSIVE;
				CLANG_CXX_LANGUAGE_STANDARD = "gnu++17";
				CLANG_CXX_LIBRARY = "libc++";
				CLANG_ENABLE_MODULES = YES;
				CLANG_ENABLE_OBJC_ARC = YES;
				CLANG_ENABLE_OBJC_WEAK = YES;
				CLANG_WARN_BLOCK_CAPTURE_AUTORELEASING = YES;
				CLANG_WARN_BOOL_CONVERSION = YES;
				CLANG_WARN_COMMA = YES;
				CLANG_WARN_CONSTANT_CONVERSION = YES;
				CLANG_WARN_DEPRECATED_OBJC_IMPLEMENTATIONS = YES;
				CLANG_WARN_DIRECT_OBJC_ISA_USAGE = YES_ERROR;
				CLANG_WARN_DOCUMENTATION_COMMENTS = YES;
				CLANG_WARN_EMPTY_BODY = YES;
				CLANG_WARN_ENUM_CONVERSION = YES;
				CLANG_WARN_INFINITE_RECURSION = YES;
				CLANG_WARN_INT_CONVERSION = YES;
				CLANG_WARN_NON_LITERAL_NULL_CONVERSION = YES;
				CLANG_WARN_OBJC_IMPLICIT_RETAIN_SELF = YES;
				CLANG_WARN_OBJC_LITERAL_CONVERSION = YES;
				CLANG_WARN_OBJC_ROOT_CLASS = YES_ERROR;
				CLANG_WARN_QUOTED_INCLUDE_IN_FRAMEWORK_HEADER = YES;
				CLANG_WARN_RANGE_LOOP_ANALYSIS = YES;
				CLANG_WARN_STRICT_PROTOTYPES = YES;
				CLANG_WARN_SUSPICIOUS_MOVE = YES;
				CLANG_WARN_UNGUARDED_AVAILABILITY = YES_AGGRESSIVE;
				CLANG_WARN_UNREACHABLE_CODE = YES;
				CLANG_WARN__DUPLICATE_METHOD_MATCH = YES;
				COPY_PHASE_STRIP = NO;
				DEBUG_INFORMATION_FORMAT = "dwarf-with-dsym";
				ENABLE_NS_ASSERTIONS = NO;
				ENABLE_STRICT_OBJC_MSGSEND = YES;
				GCC_C_LANGUAGE_STANDARD = gnu11;
				GCC_NO_COMMON_BLOCKS = YES;
				GCC_WARN_64_TO_32_BIT_CONVERSION = YES;
				GCC_WARN_ABOUT_RETURN_TYPE = YES_ERROR;
				GCC_WARN_UNDECLARED_SELECTOR = YES;
				GCC_WARN_UNINITIALIZED_AUTOS = YES_AGGRESSIVE;
				GCC_WARN_UNUSED_FUNCTION = YES;
				GCC_WARN_UNUSED_VARIABLE = YES;
				IPHONEOS_DEPLOYMENT_TARGET = 14.0;
				MTL_ENABLE_DEBUG_INFO = NO;
				MTL_FAST_MATH = YES;
				SDKROOT = iphoneos;
				SWIFT_COMPILATION_MODE = wholemodule;
				SWIFT_OPTIMIZATION_LEVEL = "-O";
				VALIDATE_PRODUCT = YES;
			};
			name = Release;
		};
		9183DA5028FD2BE700E205C3 /* Debug */ = {
			isa = XCBuildConfiguration;
			baseConfigurationReference = F819AA07579840128C5964A2 /* Pods-CurrencyApp.debug.xcconfig */;
			buildSettings = {
				ASSETCATALOG_COMPILER_APPICON_NAME = AppIcon;
				ASSETCATALOG_COMPILER_GLOBAL_ACCENT_COLOR_NAME = AccentColor;
				CODE_SIGN_STYLE = Automatic;
				CURRENT_PROJECT_VERSION = 1;
				GENERATE_INFOPLIST_FILE = YES;
				INFOPLIST_FILE = CurrencyApp/Info.plist;
				INFOPLIST_KEY_UIApplicationSupportsIndirectInputEvents = YES;
				INFOPLIST_KEY_UILaunchStoryboardName = LaunchScreen;
				INFOPLIST_KEY_UIMainStoryboardFile = Main;
				INFOPLIST_KEY_UISupportedInterfaceOrientations = "UIInterfaceOrientationPortrait UIInterfaceOrientationLandscapeLeft UIInterfaceOrientationLandscapeRight UIInterfaceOrientationPortraitUpsideDown";
				INFOPLIST_KEY_UISupportedInterfaceOrientations_iPad = "UIInterfaceOrientationPortrait UIInterfaceOrientationPortraitUpsideDown UIInterfaceOrientationLandscapeLeft UIInterfaceOrientationLandscapeRight";
				INFOPLIST_KEY_UISupportedInterfaceOrientations_iPhone = "UIInterfaceOrientationPortrait UIInterfaceOrientationLandscapeLeft UIInterfaceOrientationLandscapeRight";
				LD_RUNPATH_SEARCH_PATHS = (
					"$(inherited)",
					"@executable_path/Frameworks",
				);
				MARKETING_VERSION = 1.0;
				PRODUCT_BUNDLE_IDENTIFIER = com.currencyapp.demo.CurrencyApp;
				PRODUCT_NAME = "$(TARGET_NAME)";
				SWIFT_EMIT_LOC_STRINGS = YES;
				SWIFT_VERSION = 5.0;
				TARGETED_DEVICE_FAMILY = 1;
			};
			name = Debug;
		};
		9183DA5128FD2BE700E205C3 /* Release */ = {
			isa = XCBuildConfiguration;
			baseConfigurationReference = FCCD8178A4D877A7E2815888 /* Pods-CurrencyApp.release.xcconfig */;
			buildSettings = {
				ASSETCATALOG_COMPILER_APPICON_NAME = AppIcon;
				ASSETCATALOG_COMPILER_GLOBAL_ACCENT_COLOR_NAME = AccentColor;
				CODE_SIGN_STYLE = Automatic;
				CURRENT_PROJECT_VERSION = 1;
				GENERATE_INFOPLIST_FILE = YES;
				INFOPLIST_FILE = CurrencyApp/Info.plist;
				INFOPLIST_KEY_UIApplicationSupportsIndirectInputEvents = YES;
				INFOPLIST_KEY_UILaunchStoryboardName = LaunchScreen;
				INFOPLIST_KEY_UIMainStoryboardFile = Main;
				INFOPLIST_KEY_UISupportedInterfaceOrientations = "UIInterfaceOrientationPortrait UIInterfaceOrientationLandscapeLeft UIInterfaceOrientationLandscapeRight UIInterfaceOrientationPortraitUpsideDown";
				INFOPLIST_KEY_UISupportedInterfaceOrientations_iPad = "UIInterfaceOrientationPortrait UIInterfaceOrientationPortraitUpsideDown UIInterfaceOrientationLandscapeLeft UIInterfaceOrientationLandscapeRight";
				INFOPLIST_KEY_UISupportedInterfaceOrientations_iPhone = "UIInterfaceOrientationPortrait UIInterfaceOrientationLandscapeLeft UIInterfaceOrientationLandscapeRight";
				LD_RUNPATH_SEARCH_PATHS = (
					"$(inherited)",
					"@executable_path/Frameworks",
				);
				MARKETING_VERSION = 1.0;
				PRODUCT_BUNDLE_IDENTIFIER = com.currencyapp.demo.CurrencyApp;
				PRODUCT_NAME = "$(TARGET_NAME)";
				SWIFT_EMIT_LOC_STRINGS = YES;
				SWIFT_VERSION = 5.0;
				TARGETED_DEVICE_FAMILY = 1;
			};
			name = Release;
		};
		9183DA5328FD2BE700E205C3 /* Debug */ = {
			isa = XCBuildConfiguration;
			baseConfigurationReference = BAC0B5A1B51B7605ECB3CFAE /* Pods-CurrencyAppTests.debug.xcconfig */;
			buildSettings = {
				ALWAYS_EMBED_SWIFT_STANDARD_LIBRARIES = YES;
				BUNDLE_LOADER = "$(TEST_HOST)";
				CODE_SIGN_STYLE = Automatic;
				CURRENT_PROJECT_VERSION = 1;
				GENERATE_INFOPLIST_FILE = YES;
				IPHONEOS_DEPLOYMENT_TARGET = 15.2;
				MARKETING_VERSION = 1.0;
				PRODUCT_BUNDLE_IDENTIFIER = com.currencyapp.demo.CurrencyAppTests;
				PRODUCT_NAME = "$(TARGET_NAME)";
				SWIFT_EMIT_LOC_STRINGS = NO;
				SWIFT_VERSION = 5.0;
				TARGETED_DEVICE_FAMILY = "1,2";
				TEST_HOST = "$(BUILT_PRODUCTS_DIR)/CurrencyApp.app/CurrencyApp";
			};
			name = Debug;
		};
		9183DA5428FD2BE700E205C3 /* Release */ = {
			isa = XCBuildConfiguration;
			baseConfigurationReference = BF07806865BEFDFEA9EBB248 /* Pods-CurrencyAppTests.release.xcconfig */;
			buildSettings = {
				ALWAYS_EMBED_SWIFT_STANDARD_LIBRARIES = YES;
				BUNDLE_LOADER = "$(TEST_HOST)";
				CODE_SIGN_STYLE = Automatic;
				CURRENT_PROJECT_VERSION = 1;
				GENERATE_INFOPLIST_FILE = YES;
				IPHONEOS_DEPLOYMENT_TARGET = 15.2;
				MARKETING_VERSION = 1.0;
				PRODUCT_BUNDLE_IDENTIFIER = com.currencyapp.demo.CurrencyAppTests;
				PRODUCT_NAME = "$(TARGET_NAME)";
				SWIFT_EMIT_LOC_STRINGS = NO;
				SWIFT_VERSION = 5.0;
				TARGETED_DEVICE_FAMILY = "1,2";
				TEST_HOST = "$(BUILT_PRODUCTS_DIR)/CurrencyApp.app/CurrencyApp";
			};
			name = Release;
		};
		9183DA5628FD2BE700E205C3 /* Debug */ = {
			isa = XCBuildConfiguration;
			baseConfigurationReference = A8BA96817877C8744CC257FB /* Pods-CurrencyApp-CurrencyAppUITests.debug.xcconfig */;
			buildSettings = {
				ALWAYS_EMBED_SWIFT_STANDARD_LIBRARIES = YES;
				CODE_SIGN_STYLE = Automatic;
				CURRENT_PROJECT_VERSION = 1;
				GENERATE_INFOPLIST_FILE = YES;
				MARKETING_VERSION = 1.0;
				PRODUCT_BUNDLE_IDENTIFIER = com.currencyapp.demo.CurrencyAppUITests;
				PRODUCT_NAME = "$(TARGET_NAME)";
				SWIFT_EMIT_LOC_STRINGS = NO;
				SWIFT_VERSION = 5.0;
				TARGETED_DEVICE_FAMILY = "1,2";
				TEST_TARGET_NAME = CurrencyApp;
			};
			name = Debug;
		};
		9183DA5728FD2BE700E205C3 /* Release */ = {
			isa = XCBuildConfiguration;
			baseConfigurationReference = D40D9E612DE07F75B61BB865 /* Pods-CurrencyApp-CurrencyAppUITests.release.xcconfig */;
			buildSettings = {
				ALWAYS_EMBED_SWIFT_STANDARD_LIBRARIES = YES;
				CODE_SIGN_STYLE = Automatic;
				CURRENT_PROJECT_VERSION = 1;
				GENERATE_INFOPLIST_FILE = YES;
				MARKETING_VERSION = 1.0;
				PRODUCT_BUNDLE_IDENTIFIER = com.currencyapp.demo.CurrencyAppUITests;
				PRODUCT_NAME = "$(TARGET_NAME)";
				SWIFT_EMIT_LOC_STRINGS = NO;
				SWIFT_VERSION = 5.0;
				TARGETED_DEVICE_FAMILY = "1,2";
				TEST_TARGET_NAME = CurrencyApp;
			};
			name = Release;
		};
/* End XCBuildConfiguration section */

/* Begin XCConfigurationList section */
		9183DA2028FD2BE500E205C3 /* Build configuration list for PBXProject "CurrencyApp" */ = {
			isa = XCConfigurationList;
			buildConfigurations = (
				9183DA4D28FD2BE700E205C3 /* Debug */,
				9183DA4E28FD2BE700E205C3 /* Release */,
			);
			defaultConfigurationIsVisible = 0;
			defaultConfigurationName = Release;
		};
		9183DA4F28FD2BE700E205C3 /* Build configuration list for PBXNativeTarget "CurrencyApp" */ = {
			isa = XCConfigurationList;
			buildConfigurations = (
				9183DA5028FD2BE700E205C3 /* Debug */,
				9183DA5128FD2BE700E205C3 /* Release */,
			);
			defaultConfigurationIsVisible = 0;
			defaultConfigurationName = Release;
		};
		9183DA5228FD2BE700E205C3 /* Build configuration list for PBXNativeTarget "CurrencyAppTests" */ = {
			isa = XCConfigurationList;
			buildConfigurations = (
				9183DA5328FD2BE700E205C3 /* Debug */,
				9183DA5428FD2BE700E205C3 /* Release */,
			);
			defaultConfigurationIsVisible = 0;
			defaultConfigurationName = Release;
		};
		9183DA5528FD2BE700E205C3 /* Build configuration list for PBXNativeTarget "CurrencyAppUITests" */ = {
			isa = XCConfigurationList;
			buildConfigurations = (
				9183DA5628FD2BE700E205C3 /* Debug */,
				9183DA5728FD2BE700E205C3 /* Release */,
			);
			defaultConfigurationIsVisible = 0;
			defaultConfigurationName = Release;
		};
/* End XCConfigurationList section */
	};
	rootObject = 9183DA1D28FD2BE500E205C3 /* Project object */;
}
